
Microsoft Visual Studio Solution File, Format Version 12.00
# Visual Studio Version 17
VisualStudioVersion = 17.2.32630.192
MinimumVisualStudioVersion = 10.0.40219.1
Project("{FAE04EC0-301F-11D3-BF4B-00C04F79EFBC}") = "Ejemplo GIT", "Ejemplo GIT\Ejemplo GIT.csproj", "{943A53AF-F40F-4F69-8DDA-E5E161CADB42}"
EndProject
Global
	GlobalSection(SolutionConfigurationPlatforms) = preSolution
		Debug|Any CPU = Debug|Any CPU
		Release|Any CPU = Release|Any CPU
	EndGlobalSection
	GlobalSection(ProjectConfigurationPlatforms) = postSolution
		{943A53AF-F40F-4F69-8DDA-E5E161CADB42}.Debug|Any CPU.ActiveCfg = Debug|Any CPU
		{943A53AF-F40F-4F69-8DDA-E5E161CADB42}.Debug|Any CPU.Build.0 = Debug|Any CPU
		{943A53AF-F40F-4F69-8DDA-E5E161CADB42}.Release|Any CPU.ActiveCfg = Release|Any CPU
		{943A53AF-F40F-4F69-8DDA-E5E161CADB42}.Release|Any CPU.Build.0 = Release|Any CPU
	EndGlobalSection
	GlobalSection(SolutionProperties) = preSolution
		HideSolutionNode = FALSE
	EndGlobalSection
	GlobalSection(ExtensibilityGlobals) = postSolution
		SolutionGuid = {7FFBBDBC-2EC5-47D1-824D-21C58B9AADB7}
	EndGlobalSection
EndGlobal
